
Microsoft Visual Studio Solution File, Format Version 12.00
# Visual Studio Version 17
VisualStudioVersion = 17.14.36408.4 d17.14
MinimumVisualStudioVersion = 10.0.40219.1
Project("{8BC9CEB8-8B4A-11D0-8D11-00A0C91BC942}") = "ConsoleChat", "ConsoleChat\ConsoleChat.vcxproj", "{08EFD8FB-BD9F-4826-931A-621ADBDC8662}"
EndProject
Global
	GlobalSection(SolutionConfigurationPlatforms) = preSolution
		Debug|x64 = Debug|x64
		Debug|x86 = Debug|x86
		Release|x64 = Release|x64
		Release|x86 = Release|x86
	EndGlobalSection
	GlobalSection(ProjectConfigurationPlatforms) = postSolution
		{08EFD8FB-BD9F-4826-931A-621ADBDC8662}.Debug|x64.ActiveCfg = Debug|x64
		{08EFD8FB-BD9F-4826-931A-621ADBDC8662}.Debug|x64.Build.0 = Debug|x64
		{08EFD8FB-BD9F-4826-931A-621ADBDC8662}.Debug|x86.ActiveCfg = Debug|Win32
		{08EFD8FB-BD9F-4826-931A-621ADBDC8662}.Debug|x86.Build.0 = Debug|Win32
		{08EFD8FB-BD9F-4826-931A-621ADBDC8662}.Release|x64.ActiveCfg = Release|x64
		{08EFD8FB-BD9F-4826-931A-621ADBDC8662}.Release|x64.Build.0 = Release|x64
		{08EFD8FB-BD9F-4826-931A-621ADBDC8662}.Release|x86.ActiveCfg = Release|Win32
		{08EFD8FB-BD9F-4826-931A-621ADBDC8662}.Release|x86.Build.0 = Release|Win32
	EndGlobalSection
	GlobalSection(SolutionProperties) = preSolution
		HideSolutionNode = FALSE
	EndGlobalSection
	GlobalSection(ExtensibilityGlobals) = postSolution
		SolutionGuid = {BF787E4F-CA86-41A5-8272-33AFE60972D1}
	EndGlobalSection
EndGlobal
